<?xml version="1.0" encoding="utf-8"?>
<Project ToolsVersion="4.0" xmlns="http://schemas.microsoft.com/developer/msbuild/2003">
  <ItemGroup>
    <ClCompile Include="Component.cpp">
      <Filter>Odyssey Engine\Components</Filter>
    </ClCompile>
    <ClCompile Include="TransformComponent.cpp">
      <Filter>Odyssey Engine\Components</Filter>
    </ClCompile>
    <ClCompile Include="RotatorComponent.cpp">
      <Filter>Odyssey Engine\Components\Scripts</Filter>
    </ClCompile>
    <ClCompile Include="Controller.cpp">
      <Filter>Odyssey Engine\Input</Filter>
    </ClCompile>
    <ClCompile Include="Renderer.cpp">
      <Filter>Odyssey Engine\Managers</Filter>
    </ClCompile>
    <ClCompile Include="ResourceManager.cpp">
      <Filter>Odyssey Engine\Managers</Filter>
    </ClCompile>
    <ClCompile Include="SceneManager.cpp">
      <Filter>Odyssey Engine\Managers</Filter>
    </ClCompile>
    <ClCompile Include="HealthComponent.cpp">
      <Filter>Odyssey Engine\Components</Filter>
    </ClCompile>
    <ClCompile Include="..\3rdParty\imgui-1.89.4\backends\imgui_impl_opengl2.cpp">
      <Filter>Odyssey Engine\ImGui</Filter>
    </ClCompile>
    <ClCompile Include="..\3rdParty\imgui-1.89.4\backends\imgui_impl_sdl.cpp">
      <Filter>Odyssey Engine\ImGui</Filter>
    </ClCompile>
    <ClCompile Include="..\3rdParty\imgui-1.89.4\imgui.cpp">
      <Filter>Odyssey Engine\ImGui</Filter>
    </ClCompile>
    <ClCompile Include="..\3rdParty\imgui-1.89.4\imgui_demo.cpp">
      <Filter>Odyssey Engine\ImGui</Filter>
    </ClCompile>
    <ClCompile Include="..\3rdParty\imgui-1.89.4\imgui_draw.cpp">
      <Filter>Odyssey Engine\ImGui</Filter>
    </ClCompile>
    <ClCompile Include="..\3rdParty\imgui-1.89.4\imgui_tables.cpp">
      <Filter>Odyssey Engine\ImGui</Filter>
    </ClCompile>
    <ClCompile Include="..\3rdParty\imgui-1.89.4\imgui_widgets.cpp">
      <Filter>Odyssey Engine\ImGui</Filter>
    </ClCompile>
    <ClCompile Include="..\3rdParty\ImPlot\implot.cpp">
      <Filter>Odyssey Engine\ImGui\Addons\ImPlot</Filter>
    </ClCompile>
    <ClCompile Include="..\3rdParty\ImPlot\implot_demo.cpp">
      <Filter>Odyssey Engine\ImGui\Addons\ImPlot</Filter>
    </ClCompile>
    <ClCompile Include="..\3rdParty\ImPlot\implot_items.cpp">
      <Filter>Odyssey Engine\ImGui\Addons\ImPlot</Filter>
    </ClCompile>
    <ClCompile Include="GameObject.cpp">
      <Filter>Odyssey Engine\Scenegraph</Filter>
    </ClCompile>
    <ClCompile Include="GameScene.cpp">
      <Filter>Odyssey Engine\Scenegraph</Filter>
    </ClCompile>
    <ClCompile Include="XboxController.cpp">
      <Filter>Odyssey Engine\Input</Filter>
    </ClCompile>
    <ClCompile Include="InputManager2.cpp">
      <Filter>Odyssey Engine\Managers</Filter>
    </ClCompile>
    <ClCompile Include="Command.cpp">
      <Filter>Odyssey Engine\Patterns</Filter>
    </ClCompile>
    <ClCompile Include="GameTime.cpp">
      <Filter>Odyssey Engine\Base</Filter>
    </ClCompile>
    <ClCompile Include="Font.cpp">
      <Filter>Odyssey Engine\Wrappers</Filter>
    </ClCompile>
    <ClCompile Include="Texture2D.cpp">
      <Filter>Odyssey Engine\Wrappers</Filter>
    </ClCompile>
    <ClCompile Include="Odyssey.cpp">
      <Filter>Odyssey Engine\Base</Filter>
    </ClCompile>
    <ClCompile Include="AudioSystem.cpp">
      <Filter>Odyssey Engine\Audio</Filter>
    </ClCompile>
    <ClCompile Include="ServiceLocator.cpp">
      <Filter>Odyssey Engine\Patterns</Filter>
    </ClCompile>
    <ClCompile Include="Audio.cpp">
      <Filter>Odyssey Engine\Wrappers</Filter>
    </ClCompile>
    <ClCompile Include="PerformanceTimer.cpp">
      <Filter>Odyssey Engine\Base</Filter>
    </ClCompile>
    <ClCompile Include="ColliderComponent.cpp">
      <Filter>Odyssey Engine\Components</Filter>
    </ClCompile>
    <ClCompile Include="DebugRenderer.cpp">
      <Filter>Odyssey Engine\Base</Filter>
    </ClCompile>
    <ClCompile Include="RigidBodyComponent.cpp">
      <Filter>Odyssey Engine\Components</Filter>
    </ClCompile>
    <ClCompile Include="Utils.cpp">
      <Filter>Odyssey Engine\Base</Filter>
    </ClCompile>
  </ItemGroup>
  <ItemGroup>
    <ClInclude Include="Component.h">
      <Filter>Odyssey Engine\Components</Filter>
    </ClInclude>
    <ClInclude Include="TransformComponent.h">
      <Filter>Odyssey Engine\Components</Filter>
    </ClInclude>
    <ClInclude Include="TextureComponent.h">
      <Filter>Odyssey Engine\Components</Filter>
    </ClInclude>
    <ClInclude Include="TextComponent.h">
      <Filter>Odyssey Engine\Components</Filter>
    </ClInclude>
    <ClInclude Include="RotatorComponent.h">
      <Filter>Odyssey Engine\Components\Scripts</Filter>
    </ClInclude>
    <ClInclude Include="FPSCounter.h">
      <Filter>Odyssey Engine\Components\Scripts</Filter>
    </ClInclude>
    <ClInclude Include="Controller.h">
      <Filter>Odyssey Engine\Input</Filter>
    </ClInclude>
    <ClInclude Include="Renderer.h">
      <Filter>Odyssey Engine\Managers</Filter>
    </ClInclude>
    <ClInclude Include="ResourceManager.h">
      <Filter>Odyssey Engine\Managers</Filter>
    </ClInclude>
    <ClInclude Include="SceneManager.h">
      <Filter>Odyssey Engine\Managers</Filter>
    </ClInclude>
    <ClInclude Include="HealthComponent.h">
      <Filter>Odyssey Engine\Components</Filter>
    </ClInclude>
    <ClInclude Include="..\3rdParty\imgui-1.89.4\backends\imgui_impl_opengl2.h">
      <Filter>Odyssey Engine\ImGui</Filter>
    </ClInclude>
    <ClInclude Include="..\3rdParty\imgui-1.89.4\backends\imgui_impl_sdl.h">
      <Filter>Odyssey Engine\ImGui</Filter>
    </ClInclude>
    <ClInclude Include="..\3rdParty\imgui-1.89.4\imconfig.h">
      <Filter>Odyssey Engine\ImGui</Filter>
    </ClInclude>
    <ClInclude Include="..\3rdParty\imgui-1.89.4\imgui.h">
      <Filter>Odyssey Engine\ImGui</Filter>
    </ClInclude>
    <ClInclude Include="..\3rdParty\imgui-1.89.4\imgui_internal.h">
      <Filter>Odyssey Engine\ImGui</Filter>
    </ClInclude>
    <ClInclude Include="..\3rdParty\imgui-1.89.4\imstb_rectpack.h">
      <Filter>Odyssey Engine\ImGui</Filter>
    </ClInclude>
    <ClInclude Include="..\3rdParty\imgui-1.89.4\imstb_textedit.h">
      <Filter>Odyssey Engine\ImGui</Filter>
    </ClInclude>
    <ClInclude Include="..\3rdParty\imgui-1.89.4\imstb_truetype.h">
      <Filter>Odyssey Engine\ImGui</Filter>
    </ClInclude>
    <ClInclude Include="..\3rdParty\ImPlot\implot.h">
      <Filter>Odyssey Engine\ImGui\Addons\ImPlot</Filter>
    </ClInclude>
    <ClInclude Include="..\3rdParty\ImPlot\implot_internal.h">
      <Filter>Odyssey Engine\ImGui\Addons\ImPlot</Filter>
    </ClInclude>
    <ClInclude Include="GameObject.h">
      <Filter>Odyssey Engine\Scenegraph</Filter>
    </ClInclude>
    <ClInclude Include="GameScene.h">
      <Filter>Odyssey Engine\Scenegraph</Filter>
    </ClInclude>
    <ClInclude Include="XboxController.h">
      <Filter>Odyssey Engine\Input</Filter>
    </ClInclude>
    <ClInclude Include="InputManager2.h">
      <Filter>Odyssey Engine\Managers</Filter>
    </ClInclude>
    <ClInclude Include="Singleton.h">
      <Filter>Odyssey Engine\Patterns</Filter>
    </ClInclude>
    <ClInclude Include="Command.h">
      <Filter>Odyssey Engine\Patterns</Filter>
    </ClInclude>
    <ClInclude Include="GameTime.h">
      <Filter>Odyssey Engine\Base</Filter>
    </ClInclude>
    <ClInclude Include="Font.h">
      <Filter>Odyssey Engine\Wrappers</Filter>
    </ClInclude>
    <ClInclude Include="Texture2D.h">
      <Filter>Odyssey Engine\Wrappers</Filter>
    </ClInclude>
    <ClInclude Include="Observer.h">
      <Filter>Odyssey Engine\Patterns</Filter>
    </ClInclude>
    <ClInclude Include="Subject.h">
      <Filter>Odyssey Engine\Patterns</Filter>
    </ClInclude>
    <ClInclude Include="Odyssey.h">
      <Filter>Odyssey Engine\Base</Filter>
    </ClInclude>
    <ClInclude Include="Structs.h">
      <Filter>Odyssey Engine\Base</Filter>
    </ClInclude>
    <ClInclude Include="ServiceLocator.h">
      <Filter>Odyssey Engine\Patterns</Filter>
    </ClInclude>
    <ClInclude Include="Logger.h">
      <Filter>Odyssey Engine\Base</Filter>
    </ClInclude>
    <ClInclude Include="AudioSystem.h">
      <Filter>Odyssey Engine\Audio</Filter>
    </ClInclude>
    <ClInclude Include="IAudio.h">
      <Filter>Odyssey Engine\Audio</Filter>
    </ClInclude>
    <ClInclude Include="Audio.h">
      <Filter>Odyssey Engine\Wrappers</Filter>
    </ClInclude>
    <ClInclude Include="PerformanceTimer.h">
      <Filter>Odyssey Engine\Base</Filter>
    </ClInclude>
    <ClInclude Include="ColliderComponent.h">
      <Filter>Odyssey Engine\Components</Filter>
    </ClInclude>
    <ClInclude Include="DebugRenderer.h">
      <Filter>Odyssey Engine\Base</Filter>
    </ClInclude>
    <ClInclude Include="RigidBodyComponent.h">
      <Filter>Odyssey Engine\Components</Filter>
    </ClInclude>
    <ClInclude Include="Utils.h">
      <Filter>Odyssey Engine\Base</Filter>
    </ClInclude>
    <ClInclude Include="IPrefab.h">
      <Filter>Odyssey Engine\Scenegraph</Filter>
    </ClInclude>
  </ItemGroup>
  <ItemGroup>
    <Filter Include="Odyssey Engine">
      <UniqueIdentifier>{eb33e1d7-b9c5-4c2d-98fe-90fad9e0d0ed}</UniqueIdentifier>
    </Filter>
    <Filter Include="Odyssey Engine\Components">
      <UniqueIdentifier>{70a517d9-766d-4f64-a502-54d8a87005fc}</UniqueIdentifier>
    </Filter>
    <Filter Include="Odyssey Engine\Components\Scripts">
      <UniqueIdentifier>{bff693ea-cf59-4003-8722-9ad049506f70}</UniqueIdentifier>
    </Filter>
    <Filter Include="Odyssey Engine\Input">
      <UniqueIdentifier>{42da8c60-3eee-4c7e-9457-ef2efdfaaab4}</UniqueIdentifier>
    </Filter>
    <Filter Include="Odyssey Engine\ImGui">
      <UniqueIdentifier>{46a94b6e-8844-4872-bbe6-b377004f5d51}</UniqueIdentifier>
    </Filter>
    <Filter Include="Odyssey Engine\ImGui\Addons">
      <UniqueIdentifier>{1380d699-e8b8-4cd7-a0aa-d4b1c947f9a4}</UniqueIdentifier>
    </Filter>
    <Filter Include="Odyssey Engine\ImGui\Addons\ImPlot">
      <UniqueIdentifier>{67b8b97b-5398-4082-a0a9-6aae39e44e93}</UniqueIdentifier>
    </Filter>
    <Filter Include="Odyssey Engine\Managers">
      <UniqueIdentifier>{8489e6ed-49bd-4b73-9999-552d9807f7ae}</UniqueIdentifier>
    </Filter>
    <Filter Include="Odyssey Engine\Scenegraph">
      <UniqueIdentifier>{a1228d37-2fa2-45bf-91f2-b7adbd7dd786}</UniqueIdentifier>
    </Filter>
    <Filter Include="Odyssey Engine\Patterns">
      <UniqueIdentifier>{0f3a4e1c-0793-41e0-9a39-09dc3277abdf}</UniqueIdentifier>
    </Filter>
    <Filter Include="Odyssey Engine\Base">
      <UniqueIdentifier>{38ec4fec-194e-4ab6-9383-cd0b89e69dd3}</UniqueIdentifier>
    </Filter>
    <Filter Include="Odyssey Engine\Wrappers">
      <UniqueIdentifier>{723bcdd0-986b-4411-b516-e9ab7c7cda06}</UniqueIdentifier>
    </Filter>
    <Filter Include="Odyssey Engine\Audio">
      <UniqueIdentifier>{5ca0173f-e1cc-4544-95fa-b1ea8a5bacad}</UniqueIdentifier>
    </Filter>
  </ItemGroup>
</Project>