<?xml version="1.0" encoding="utf-8"?>
<Project ToolsVersion="4.0" xmlns="http://schemas.microsoft.com/developer/msbuild/2003">
  <ItemGroup>
    <ClCompile Include="Font.cpp">
      <Filter>Odyssey Engine</Filter>
    </ClCompile>
    <ClCompile Include="GameObject.cpp">
      <Filter>Odyssey Engine</Filter>
    </ClCompile>
    <ClCompile Include="Main.cpp">
      <Filter>Odyssey Engine</Filter>
    </ClCompile>
    <ClCompile Include="Odyssey.cpp">
      <Filter>Odyssey Engine</Filter>
    </ClCompile>
    <ClCompile Include="Renderer.cpp">
      <Filter>Odyssey Engine</Filter>
    </ClCompile>
    <ClCompile Include="ResourceManager.cpp">
      <Filter>Odyssey Engine</Filter>
    </ClCompile>
    <ClCompile Include="Scene.cpp">
      <Filter>Odyssey Engine</Filter>
    </ClCompile>
    <ClCompile Include="SceneManager.cpp">
      <Filter>Odyssey Engine</Filter>
    </ClCompile>
    <ClCompile Include="Texture2D.cpp">
      <Filter>Odyssey Engine</Filter>
    </ClCompile>
    <ClCompile Include="Component.cpp">
      <Filter>Odyssey Engine\Components</Filter>
    </ClCompile>
    <ClCompile Include="TransformComponent.cpp">
      <Filter>Odyssey Engine\Components</Filter>
    </ClCompile>
    <ClCompile Include="RotatorComponent.cpp">
      <Filter>Odyssey Engine\Components\Scripts</Filter>
    </ClCompile>
    <ClCompile Include="..\3rdParty\imgui-1.89.4\imgui.cpp">
      <Filter>ImGui</Filter>
    </ClCompile>
    <ClCompile Include="..\3rdParty\imgui-1.89.4\imgui_demo.cpp">
      <Filter>ImGui</Filter>
    </ClCompile>
    <ClCompile Include="..\3rdParty\imgui-1.89.4\imgui_draw.cpp">
      <Filter>ImGui</Filter>
    </ClCompile>
    <ClCompile Include="..\3rdParty\imgui-1.89.4\imgui_tables.cpp">
      <Filter>ImGui</Filter>
    </ClCompile>
    <ClCompile Include="..\3rdParty\imgui-1.89.4\imgui_widgets.cpp">
      <Filter>ImGui</Filter>
    </ClCompile>
    <ClCompile Include="..\3rdParty\imgui-1.89.4\backends\imgui_impl_opengl2.cpp">
      <Filter>ImGui</Filter>
    </ClCompile>
    <ClCompile Include="..\3rdParty\imgui-1.89.4\backends\imgui_impl_sdl.cpp">
      <Filter>ImGui</Filter>
    </ClCompile>
    <ClCompile Include="..\3rdParty\ImPlot\implot.cpp">
      <Filter>ImGui\Addons\ImPlot</Filter>
    </ClCompile>
    <ClCompile Include="..\3rdParty\ImPlot\implot_demo.cpp">
      <Filter>ImGui\Addons\ImPlot</Filter>
    </ClCompile>
    <ClCompile Include="..\3rdParty\ImPlot\implot_items.cpp">
      <Filter>ImGui\Addons\ImPlot</Filter>
    </ClCompile>
    <ClCompile Include="InputManager.cpp">
      <Filter>Odyssey Engine\Input</Filter>
    </ClCompile>
    <ClCompile Include="Keyboard.cpp">
      <Filter>Odyssey Engine\Input</Filter>
    </ClCompile>
    <ClCompile Include="Command.cpp">
      <Filter>Odyssey Engine\Input\Commands</Filter>
    </ClCompile>
    <ClCompile Include="GUI_Manager.cpp">
      <Filter>Odyssey Engine\EngineGUI</Filter>
    </ClCompile>
  </ItemGroup>
  <ItemGroup>
    <ClInclude Include="Font.h">
      <Filter>Odyssey Engine</Filter>
    </ClInclude>
    <ClInclude Include="Odyssey.h">
      <Filter>Odyssey Engine</Filter>
    </ClInclude>
    <ClInclude Include="Renderer.h">
      <Filter>Odyssey Engine</Filter>
    </ClInclude>
    <ClInclude Include="ResourceManager.h">
      <Filter>Odyssey Engine</Filter>
    </ClInclude>
    <ClInclude Include="Scene.h">
      <Filter>Odyssey Engine</Filter>
    </ClInclude>
    <ClInclude Include="SceneManager.h">
      <Filter>Odyssey Engine</Filter>
    </ClInclude>
    <ClInclude Include="Singleton.h">
      <Filter>Odyssey Engine</Filter>
    </ClInclude>
    <ClInclude Include="Texture2D.h">
      <Filter>Odyssey Engine</Filter>
    </ClInclude>
    <ClInclude Include="Component.h">
      <Filter>Odyssey Engine\Components</Filter>
    </ClInclude>
    <ClInclude Include="TransformComponent.h">
      <Filter>Odyssey Engine\Components</Filter>
    </ClInclude>
    <ClInclude Include="TextureComponent.h">
      <Filter>Odyssey Engine\Components</Filter>
    </ClInclude>
    <ClInclude Include="TextComponent.h">
      <Filter>Odyssey Engine\Components</Filter>
    </ClInclude>
    <ClInclude Include="RotatorComponent.h">
      <Filter>Odyssey Engine\Components\Scripts</Filter>
    </ClInclude>
    <ClInclude Include="FPSCounter.h">
      <Filter>Odyssey Engine\Components\Scripts</Filter>
    </ClInclude>
    <ClInclude Include="..\3rdParty\imgui-1.89.4\imconfig.h">
      <Filter>ImGui</Filter>
    </ClInclude>
    <ClInclude Include="..\3rdParty\imgui-1.89.4\imgui.h">
      <Filter>ImGui</Filter>
    </ClInclude>
    <ClInclude Include="..\3rdParty\imgui-1.89.4\imgui_internal.h">
      <Filter>ImGui</Filter>
    </ClInclude>
    <ClInclude Include="..\3rdParty\imgui-1.89.4\imstb_rectpack.h">
      <Filter>ImGui</Filter>
    </ClInclude>
    <ClInclude Include="..\3rdParty\imgui-1.89.4\imstb_textedit.h">
      <Filter>ImGui</Filter>
    </ClInclude>
    <ClInclude Include="..\3rdParty\imgui-1.89.4\imstb_truetype.h">
      <Filter>ImGui</Filter>
    </ClInclude>
    <ClInclude Include="..\3rdParty\imgui-1.89.4\backends\imgui_impl_opengl2.h">
      <Filter>ImGui</Filter>
    </ClInclude>
    <ClInclude Include="..\3rdParty\imgui-1.89.4\backends\imgui_impl_sdl.h">
      <Filter>ImGui</Filter>
    </ClInclude>
    <ClInclude Include="..\3rdParty\ImPlot\implot.h">
      <Filter>ImGui\Addons\ImPlot</Filter>
    </ClInclude>
    <ClInclude Include="..\3rdParty\ImPlot\implot_internal.h">
      <Filter>ImGui\Addons\ImPlot</Filter>
    </ClInclude>
    <ClInclude Include="TrashTheCache.h">
      <Filter>Odyssey Engine</Filter>
    </ClInclude>
    <ClInclude Include="GameObject.h">
      <Filter>Odyssey Engine</Filter>
    </ClInclude>
    <ClInclude Include="InputManager.h">
      <Filter>Odyssey Engine\Input</Filter>
    </ClInclude>
    <ClInclude Include="Keyboard.h">
      <Filter>Odyssey Engine\Input</Filter>
    </ClInclude>
    <ClInclude Include="Command.h">
      <Filter>Odyssey Engine\Input\Commands</Filter>
    </ClInclude>
    <ClInclude Include="GUI_Manager.h">
      <Filter>Odyssey Engine\EngineGUI</Filter>
    </ClInclude>
  </ItemGroup>
  <ItemGroup>
    <Filter Include="Odyssey Engine">
      <UniqueIdentifier>{eb33e1d7-b9c5-4c2d-98fe-90fad9e0d0ed}</UniqueIdentifier>
    </Filter>
    <Filter Include="Odyssey Engine\Components">
      <UniqueIdentifier>{70a517d9-766d-4f64-a502-54d8a87005fc}</UniqueIdentifier>
    </Filter>
    <Filter Include="Odyssey Engine\Components\Scripts">
      <UniqueIdentifier>{bff693ea-cf59-4003-8722-9ad049506f70}</UniqueIdentifier>
    </Filter>
    <Filter Include="ImGui">
      <UniqueIdentifier>{b0abf7d4-346f-4795-94f7-c1a6f4cd4666}</UniqueIdentifier>
    </Filter>
    <Filter Include="ImGui\Addons">
      <UniqueIdentifier>{40687ed1-ec7c-47a1-a68f-f9d20e17abb9}</UniqueIdentifier>
    </Filter>
    <Filter Include="ImGui\Addons\ImPlot">
      <UniqueIdentifier>{6210576f-9d76-4d9a-aadc-4bee93173ac6}</UniqueIdentifier>
    </Filter>
    <Filter Include="Odyssey Engine\Input">
      <UniqueIdentifier>{42da8c60-3eee-4c7e-9457-ef2efdfaaab4}</UniqueIdentifier>
    </Filter>
    <Filter Include="Odyssey Engine\Input\Commands">
      <UniqueIdentifier>{5eb3d3ef-c9b6-4bfa-89c0-83df958fc17c}</UniqueIdentifier>
    </Filter>
    <Filter Include="Odyssey Engine\EngineGUI">
      <UniqueIdentifier>{a3e9eda5-4c27-450b-9bc8-599e6606d45d}</UniqueIdentifier>
    </Filter>
  </ItemGroup>
</Project>