<?xml version="1.0" encoding="utf-8"?>
<Project ToolsVersion="4.0" xmlns="http://schemas.microsoft.com/developer/msbuild/2003">
  <ItemGroup>
    <ClCompile Include="Font.cpp">
      <Filter>Odyssey Engine</Filter>
    </ClCompile>
    <ClCompile Include="GameObject.cpp">
      <Filter>Odyssey Engine</Filter>
    </ClCompile>
    <ClCompile Include="Odyssey.cpp">
      <Filter>Odyssey Engine</Filter>
    </ClCompile>
    <ClCompile Include="Texture2D.cpp">
      <Filter>Odyssey Engine</Filter>
    </ClCompile>
    <ClCompile Include="Component.cpp">
      <Filter>Odyssey Engine\Components</Filter>
    </ClCompile>
    <ClCompile Include="TransformComponent.cpp">
      <Filter>Odyssey Engine\Components</Filter>
    </ClCompile>
    <ClCompile Include="RotatorComponent.cpp">
      <Filter>Odyssey Engine\Components\Scripts</Filter>
    </ClCompile>
    <ClCompile Include="InputManager.cpp">
      <Filter>Odyssey Engine\Input</Filter>
    </ClCompile>
    <ClCompile Include="Command.cpp">
      <Filter>Odyssey Engine\Input\Commands</Filter>
    </ClCompile>
    <ClCompile Include="Controller.cpp">
      <Filter>Odyssey Engine\Input</Filter>
    </ClCompile>
    <ClCompile Include="Renderer.cpp">
      <Filter>Odyssey Engine\Signletons</Filter>
    </ClCompile>
    <ClCompile Include="ResourceManager.cpp">
      <Filter>Odyssey Engine\Signletons</Filter>
    </ClCompile>
    <ClCompile Include="SceneManager.cpp">
      <Filter>Odyssey Engine\Signletons</Filter>
    </ClCompile>
    <ClCompile Include="GameTime.cpp">
      <Filter>Odyssey Engine\Signletons</Filter>
    </ClCompile>
    <ClCompile Include="HealthComponent.cpp">
      <Filter>Odyssey Engine\Components</Filter>
    </ClCompile>
    <ClCompile Include="..\3rdParty\imgui-1.89.4\backends\imgui_impl_opengl2.cpp">
      <Filter>Odyssey Engine\ImGui</Filter>
    </ClCompile>
    <ClCompile Include="..\3rdParty\imgui-1.89.4\backends\imgui_impl_sdl.cpp">
      <Filter>Odyssey Engine\ImGui</Filter>
    </ClCompile>
    <ClCompile Include="..\3rdParty\imgui-1.89.4\imgui.cpp">
      <Filter>Odyssey Engine\ImGui</Filter>
    </ClCompile>
    <ClCompile Include="..\3rdParty\imgui-1.89.4\imgui_demo.cpp">
      <Filter>Odyssey Engine\ImGui</Filter>
    </ClCompile>
    <ClCompile Include="..\3rdParty\imgui-1.89.4\imgui_draw.cpp">
      <Filter>Odyssey Engine\ImGui</Filter>
    </ClCompile>
    <ClCompile Include="..\3rdParty\imgui-1.89.4\imgui_tables.cpp">
      <Filter>Odyssey Engine\ImGui</Filter>
    </ClCompile>
    <ClCompile Include="..\3rdParty\imgui-1.89.4\imgui_widgets.cpp">
      <Filter>Odyssey Engine\ImGui</Filter>
    </ClCompile>
    <ClCompile Include="..\3rdParty\ImPlot\implot.cpp">
      <Filter>Odyssey Engine\ImGui\Addons\ImPlot</Filter>
    </ClCompile>
    <ClCompile Include="..\3rdParty\ImPlot\implot_demo.cpp">
      <Filter>Odyssey Engine\ImGui\Addons\ImPlot</Filter>
    </ClCompile>
    <ClCompile Include="..\3rdParty\ImPlot\implot_items.cpp">
      <Filter>Odyssey Engine\ImGui\Addons\ImPlot</Filter>
    </ClCompile>
    <ClCompile Include="GUI_Manager.cpp">
      <Filter>Odyssey Engine\EngineGUI</Filter>
    </ClCompile>
    <ClCompile Include="GameScene.cpp" />
  </ItemGroup>
  <ItemGroup>
    <ClInclude Include="Font.h">
      <Filter>Odyssey Engine</Filter>
    </ClInclude>
    <ClInclude Include="Odyssey.h">
      <Filter>Odyssey Engine</Filter>
    </ClInclude>
    <ClInclude Include="Texture2D.h">
      <Filter>Odyssey Engine</Filter>
    </ClInclude>
    <ClInclude Include="Component.h">
      <Filter>Odyssey Engine\Components</Filter>
    </ClInclude>
    <ClInclude Include="TransformComponent.h">
      <Filter>Odyssey Engine\Components</Filter>
    </ClInclude>
    <ClInclude Include="TextureComponent.h">
      <Filter>Odyssey Engine\Components</Filter>
    </ClInclude>
    <ClInclude Include="TextComponent.h">
      <Filter>Odyssey Engine\Components</Filter>
    </ClInclude>
    <ClInclude Include="RotatorComponent.h">
      <Filter>Odyssey Engine\Components\Scripts</Filter>
    </ClInclude>
    <ClInclude Include="FPSCounter.h">
      <Filter>Odyssey Engine\Components\Scripts</Filter>
    </ClInclude>
    <ClInclude Include="TrashTheCache.h">
      <Filter>Odyssey Engine</Filter>
    </ClInclude>
    <ClInclude Include="GameObject.h">
      <Filter>Odyssey Engine</Filter>
    </ClInclude>
    <ClInclude Include="InputManager.h">
      <Filter>Odyssey Engine\Input</Filter>
    </ClInclude>
    <ClInclude Include="Command.h">
      <Filter>Odyssey Engine\Input\Commands</Filter>
    </ClInclude>
    <ClInclude Include="Controller.h">
      <Filter>Odyssey Engine\Input</Filter>
    </ClInclude>
    <ClInclude Include="Renderer.h">
      <Filter>Odyssey Engine\Signletons</Filter>
    </ClInclude>
    <ClInclude Include="ResourceManager.h">
      <Filter>Odyssey Engine\Signletons</Filter>
    </ClInclude>
    <ClInclude Include="SceneManager.h">
      <Filter>Odyssey Engine\Signletons</Filter>
    </ClInclude>
    <ClInclude Include="Singleton.h">
      <Filter>Odyssey Engine\Signletons</Filter>
    </ClInclude>
    <ClInclude Include="GameTime.h">
      <Filter>Odyssey Engine\Signletons</Filter>
    </ClInclude>
    <ClInclude Include="Observer.h">
      <Filter>Odyssey Engine</Filter>
    </ClInclude>
    <ClInclude Include="PointExercise.h">
      <Filter>Odyssey Engine</Filter>
    </ClInclude>
    <ClInclude Include="HealthComponent.h">
      <Filter>Odyssey Engine\Components</Filter>
    </ClInclude>
    <ClInclude Include="Subject.h">
      <Filter>Odyssey Engine</Filter>
    </ClInclude>
    <ClInclude Include="..\3rdParty\imgui-1.89.4\backends\imgui_impl_opengl2.h">
      <Filter>Odyssey Engine\ImGui</Filter>
    </ClInclude>
    <ClInclude Include="..\3rdParty\imgui-1.89.4\backends\imgui_impl_sdl.h">
      <Filter>Odyssey Engine\ImGui</Filter>
    </ClInclude>
    <ClInclude Include="..\3rdParty\imgui-1.89.4\imconfig.h">
      <Filter>Odyssey Engine\ImGui</Filter>
    </ClInclude>
    <ClInclude Include="..\3rdParty\imgui-1.89.4\imgui.h">
      <Filter>Odyssey Engine\ImGui</Filter>
    </ClInclude>
    <ClInclude Include="..\3rdParty\imgui-1.89.4\imgui_internal.h">
      <Filter>Odyssey Engine\ImGui</Filter>
    </ClInclude>
    <ClInclude Include="..\3rdParty\imgui-1.89.4\imstb_rectpack.h">
      <Filter>Odyssey Engine\ImGui</Filter>
    </ClInclude>
    <ClInclude Include="..\3rdParty\imgui-1.89.4\imstb_textedit.h">
      <Filter>Odyssey Engine\ImGui</Filter>
    </ClInclude>
    <ClInclude Include="..\3rdParty\imgui-1.89.4\imstb_truetype.h">
      <Filter>Odyssey Engine\ImGui</Filter>
    </ClInclude>
    <ClInclude Include="..\3rdParty\ImPlot\implot.h">
      <Filter>Odyssey Engine\ImGui\Addons\ImPlot</Filter>
    </ClInclude>
    <ClInclude Include="..\3rdParty\ImPlot\implot_internal.h">
      <Filter>Odyssey Engine\ImGui\Addons\ImPlot</Filter>
    </ClInclude>
    <ClInclude Include="GUI_Manager.h">
      <Filter>Odyssey Engine\EngineGUI</Filter>
    </ClInclude>
    <ClInclude Include="Structs.h" />
    <ClInclude Include="GameScene.h" />
  </ItemGroup>
  <ItemGroup>
    <Filter Include="Odyssey Engine">
      <UniqueIdentifier>{eb33e1d7-b9c5-4c2d-98fe-90fad9e0d0ed}</UniqueIdentifier>
    </Filter>
    <Filter Include="Odyssey Engine\Components">
      <UniqueIdentifier>{70a517d9-766d-4f64-a502-54d8a87005fc}</UniqueIdentifier>
    </Filter>
    <Filter Include="Odyssey Engine\Components\Scripts">
      <UniqueIdentifier>{bff693ea-cf59-4003-8722-9ad049506f70}</UniqueIdentifier>
    </Filter>
    <Filter Include="Odyssey Engine\Input">
      <UniqueIdentifier>{42da8c60-3eee-4c7e-9457-ef2efdfaaab4}</UniqueIdentifier>
    </Filter>
    <Filter Include="Odyssey Engine\Input\Commands">
      <UniqueIdentifier>{5eb3d3ef-c9b6-4bfa-89c0-83df958fc17c}</UniqueIdentifier>
    </Filter>
    <Filter Include="Odyssey Engine\Signletons">
      <UniqueIdentifier>{8489e6ed-49bd-4b73-9999-552d9807f7ae}</UniqueIdentifier>
    </Filter>
    <Filter Include="Odyssey Engine\ImGui">
      <UniqueIdentifier>{46a94b6e-8844-4872-bbe6-b377004f5d51}</UniqueIdentifier>
    </Filter>
    <Filter Include="Odyssey Engine\ImGui\Addons">
      <UniqueIdentifier>{1380d699-e8b8-4cd7-a0aa-d4b1c947f9a4}</UniqueIdentifier>
    </Filter>
    <Filter Include="Odyssey Engine\ImGui\Addons\ImPlot">
      <UniqueIdentifier>{67b8b97b-5398-4082-a0a9-6aae39e44e93}</UniqueIdentifier>
    </Filter>
    <Filter Include="Odyssey Engine\EngineGUI">
      <UniqueIdentifier>{f96f5bb0-6716-4ef6-a199-67ce64128ae5}</UniqueIdentifier>
    </Filter>
  </ItemGroup>
</Project>